version: 1
framework:
  repository: ruizengalways/enterprise-databrick-framework
  ref: 950f0e3752705ae82ea5e7114ae688f26179ff9f
  expected_package_version: 0.2.0
  note: final audited framework main after the 2026-08-31 package ownership documentation cleanup; change only through reviewed certification CI
certification_policy:
  require_exact_framework_sha: true
  require_customer_sha_in_evidence: true
  local_green_is_not_runtime_certification: true
  require_databricks_runtime_for_release_claim: true
  require_failure_recovery_for_full_certification: true
