version: 1
framework:
  repository: ruizengalways/enterprise-databrick-framework
  ref: 6be809f7c106b8432494797405e47492354d96d6
  expected_package_version: 0.2.0
  note: exact current framework main after the 2026-08-31 package-boundary documentation audit; change only through reviewed certification CI
certification_policy:
  require_exact_framework_sha: true
  require_customer_sha_in_evidence: true
  local_green_is_not_runtime_certification: true
  require_databricks_runtime_for_release_claim: true
  require_failure_recovery_for_full_certification: true
